
Microsoft Visual Studio Solution File, Format Version 12.00
# Visual Studio Version 17
VisualStudioVersion = 17.10.34928.147
MinimumVisualStudioVersion = 10.0.40219.1
Project("{FAE04EC0-301F-11D3-BF4B-00C04F79EFBC}") = "Magic Land Explorer", "Magic Land Explorer.csproj", "{3FC9B324-000D-4894-8E11-2039C5C4E39D}"
EndProject
Global
	GlobalSection(SolutionConfigurationPlatforms) = preSolution
		Debug|Any CPU = Debug|Any CPU
		Release|Any CPU = Release|Any CPU
	EndGlobalSection
	GlobalSection(ProjectConfigurationPlatforms) = postSolution
		{3FC9B324-000D-4894-8E11-2039C5C4E39D}.Debug|Any CPU.ActiveCfg = Debug|Any CPU
		{3FC9B324-000D-4894-8E11-2039C5C4E39D}.Debug|Any CPU.Build.0 = Debug|Any CPU
		{3FC9B324-000D-4894-8E11-2039C5C4E39D}.Release|Any CPU.ActiveCfg = Release|Any CPU
		{3FC9B324-000D-4894-8E11-2039C5C4E39D}.Release|Any CPU.Build.0 = Release|Any CPU
	EndGlobalSection
	GlobalSection(SolutionProperties) = preSolution
		HideSolutionNode = FALSE
	EndGlobalSection
	GlobalSection(ExtensibilityGlobals) = postSolution
		SolutionGuid = {48F3AFCE-1418-4827-A925-8EA4CDBD8FBA}
	EndGlobalSection
EndGlobal
